// !$*UTF8*$!
{
	archiveVersion = 1;
	classes = {
	};
	objectVersion = 46;
	objects = {

/* Begin PBXBuildFile section */
		A0B622E31D9A30EC002B6206 /* AppDelegate.swift in Sources */ = {isa = PBXBuildFile; fileRef = A0B622E21D9A30EC002B6206 /* AppDelegate.swift */; };
		A0B622E51D9A30EC002B6206 /* ViewController.swift in Sources */ = {isa = PBXBuildFile; fileRef = A0B622E41D9A30EC002B6206 /* ViewController.swift */; };
		A0B622EA1D9A30EC002B6206 /* Assets.xcassets in Resources */ = {isa = PBXBuildFile; fileRef = A0B622E91D9A30EC002B6206 /* Assets.xcassets */; };
		A0B622ED1D9A30EC002B6206 /* LaunchScreen.storyboard in Resources */ = {isa = PBXBuildFile; fileRef = A0B622EB1D9A30EC002B6206 /* LaunchScreen.storyboard */; };
		A0B622FC1D9A340F002B6206 /* Main.storyboard in Resources */ = {isa = PBXBuildFile; fileRef = A0B622FA1D9A340F002B6206 /* Main.storyboard */; };
		A0B622FE1D9A3B8E002B6206 /* zipcodeTextfieldDelegate.swift in Sources */ = {isa = PBXBuildFile; fileRef = A0B622FD1D9A3B8E002B6206 /* zipcodeTextfieldDelegate.swift */; };
		A0B623001D9A3BDF002B6206 /* priceTextfieldDelegate.swift in Sources */ = {isa = PBXBuildFile; fileRef = A0B622FF1D9A3BDF002B6206 /* priceTextfieldDelegate.swift */; };
/* End PBXBuildFile section */

/* Begin PBXFileReference section */
		A0B622DF1D9A30EC002B6206 /* cashApp.app */ = {isa = PBXFileReference; explicitFileType = wrapper.application; includeInIndex = 0; path = cashApp.app; sourceTree = BUILT_PRODUCTS_DIR; };
		A0B622E21D9A30EC002B6206 /* AppDelegate.swift */ = {isa = PBXFileReference; lastKnownFileType = sourcecode.swift; path = AppDelegate.swift; sourceTree = "<group>"; };
		A0B622E41D9A30EC002B6206 /* ViewController.swift */ = {isa = PBXFileReference; lastKnownFileType = sourcecode.swift; path = ViewController.swift; sourceTree = "<group>"; };
		A0B622E91D9A30EC002B6206 /* Assets.xcassets */ = {isa = PBXFileReference; lastKnownFileType = folder.assetcatalog; path = Assets.xcassets; sourceTree = "<group>"; };
		A0B622EC1D9A30EC002B6206 /* Base */ = {isa = PBXFileReference; lastKnownFileType = file.storyboard; name = Base; path = Base.lproj/LaunchScreen.storyboard; sourceTree = "<group>"; };
		A0B622EE1D9A30EC002B6206 /* Info.plist */ = {isa = PBXFileReference; lastKnownFileType = text.plist.xml; path = Info.plist; sourceTree = "<group>"; };
		A0B622FB1D9A340F002B6206 /* Base */ = {isa = PBXFileReference; lastKnownFileType = file.storyboard; name = Base; path = Base.lproj/Main.storyboard; sourceTree = "<group>"; };
		A0B622FD1D9A3B8E002B6206 /* zipcodeTextfieldDelegate.swift */ = {isa = PBXFileReference; fileEncoding = 4; lastKnownFileType = sourcecode.swift; path = zipcodeTextfieldDelegate.swift; sourceTree = "<group>"; };
		A0B622FF1D9A3BDF002B6206 /* priceTextfieldDelegate.swift */ = {isa = PBXFileReference; fileEncoding = 4; lastKnownFileType = sourcecode.swift; path = priceTextfieldDelegate.swift; sourceTree = "<group>"; };
/* End PBXFileReference section */

/* Begin PBXFrameworksBuildPhase section */
		A0B622DC1D9A30EC002B6206 /* Frameworks */ = {
			isa = PBXFrameworksBuildPhase;
			buildActionMask = 2147483647;
			files = (
			);
			runOnlyForDeploymentPostprocessing = 0;
		};
/* End PBXFrameworksBuildPhase section */

/* Begin PBXGroup section */
		A0B622D61D9A30EC002B6206 = {
			isa = PBXGroup;
			children = (
				A0B622E11D9A30EC002B6206 /* cashApp */,
				A0B622E01D9A30EC002B6206 /* Products */,
			);
			sourceTree = "<group>";
		};
		A0B622E01D9A30EC002B6206 /* Products */ = {
			isa = PBXGroup;
			children = (
				A0B622DF1D9A30EC002B6206 /* cashApp.app */,
			);
			name = Products;
			sourceTree = "<group>";
		};
		A0B622E11D9A30EC002B6206 /* cashApp */ = {
			isa = PBXGroup;
			children = (
				A0B622E21D9A30EC002B6206 /* AppDelegate.swift */,
				A0B622E41D9A30EC002B6206 /* ViewController.swift */,
				A0B622FF1D9A3BDF002B6206 /* priceTextfieldDelegate.swift */,
				A0B622FD1D9A3B8E002B6206 /* zipcodeTextfieldDelegate.swift */,
				A0B622FA1D9A340F002B6206 /* Main.storyboard */,
				A0B622E91D9A30EC002B6206 /* Assets.xcassets */,
				A0B622EB1D9A30EC002B6206 /* LaunchScreen.storyboard */,
				A0B622EE1D9A30EC002B6206 /* Info.plist */,
			);
			path = cashApp;
			sourceTree = "<group>";
		};
/* End PBXGroup section */

/* Begin PBXNativeTarget section */
		A0B622DE1D9A30EC002B6206 /* cashApp */ = {
			isa = PBXNativeTarget;
			buildConfigurationList = A0B622F11D9A30EC002B6206 /* Build configuration list for PBXNativeTarget "cashApp" */;
			buildPhases = (
				A0B622DB1D9A30EC002B6206 /* Sources */,
				A0B622DC1D9A30EC002B6206 /* Frameworks */,
				A0B622DD1D9A30EC002B6206 /* Resources */,
			);
			buildRules = (
			);
			dependencies = (
			);
			name = cashApp;
			productName = cashApp;
			productReference = A0B622DF1D9A30EC002B6206 /* cashApp.app */;
			productType = "com.apple.product-type.application";
		};
/* End PBXNativeTarget section */

/* Begin PBXProject section */
		A0B622D71D9A30EC002B6206 /* Project object */ = {
			isa = PBXProject;
			attributes = {
				LastSwiftUpdateCheck = 0730;
				LastUpgradeCheck = 0730;
				ORGANIZATIONNAME = Nikki;
				TargetAttributes = {
					A0B622DE1D9A30EC002B6206 = {
						CreatedOnToolsVersion = 7.3.1;
						LastSwiftMigration = 0800;
					};
				};
			};
			buildConfigurationList = A0B622DA1D9A30EC002B6206 /* Build configuration list for PBXProject "cashApp" */;
			compatibilityVersion = "Xcode 3.2";
			developmentRegion = English;
			hasScannedForEncodings = 0;
			knownRegions = (
				en,
				Base,
			);
			mainGroup = A0B622D61D9A30EC002B6206;
			productRefGroup = A0B622E01D9A30EC002B6206 /* Products */;
			projectDirPath = "";
			projectRoot = "";
			targets = (
				A0B622DE1D9A30EC002B6206 /* cashApp */,
			);
		};
/* End PBXProject section */

/* Begin PBXResourcesBuildPhase section */
		A0B622DD1D9A30EC002B6206 /* Resources */ = {
			isa = PBXResourcesBuildPhase;
			buildActionMask = 2147483647;
			files = (
				A0B622FC1D9A340F002B6206 /* Main.storyboard in Resources */,
				A0B622ED1D9A30EC002B6206 /* LaunchScreen.storyboard in Resources */,
				A0B622EA1D9A30EC002B6206 /* Assets.xcassets in Resources */,
			);
			runOnlyForDeploymentPostprocessing = 0;
		};
/* End PBXResourcesBuildPhase section */

/* Begin PBXSourcesBuildPhase section */
		A0B622DB1D9A30EC002B6206 /* Sources */ = {
			isa = PBXSourcesBuildPhase;
			buildActionMask = 2147483647;
			files = (
				A0B622E51D9A30EC002B6206 /* ViewController.swift in Sources */,
				A0B622FE1D9A3B8E002B6206 /* zipcodeTextfieldDelegate.swift in Sources */,
				A0B623001D9A3BDF002B6206 /* priceTextfieldDelegate.swift in Sources */,
				A0B622E31D9A30EC002B6206 /* AppDelegate.swift in Sources */,
			);
			runOnlyForDeploymentPostprocessing = 0;
		};
/* End PBXSourcesBuildPhase section */

/* Begin PBXVariantGroup section */
		A0B622EB1D9A30EC002B6206 /* LaunchScreen.storyboard */ = {
			isa = PBXVariantGroup;
			children = (
				A0B622EC1D9A30EC002B6206 /* Base */,
			);
			name = LaunchScreen.storyboard;
			sourceTree = "<group>";
		};
		A0B622FA1D9A340F002B6206 /* Main.storyboard */ = {
			isa = PBXVariantGroup;
			children = (
				A0B622FB1D9A340F002B6206 /* Base */,
			);
			name = Main.storyboard;
			sourceTree = "<group>";
		};
/* End PBXVariantGroup section */

/* Begin XCBuildConfiguration section */
		A0B622EF1D9A30EC002B6206 /* Debug */ = {
			isa = XCBuildConfiguration;
			buildSettings = {
				ALWAYS_SEARCH_USER_PATHS = NO;
				CLANG_ANALYZER_NONNULL = YES;
				CLANG_CXX_LANGUAGE_STANDARD = "gnu++0x";
				CLANG_CXX_LIBRARY = "libc++";
				CLANG_ENABLE_MODULES = YES;
				CLANG_ENABLE_OBJC_ARC = YES;
				CLANG_WARN_BOOL_CONVERSION = YES;
				CLANG_WARN_CONSTANT_CONVERSION = YES;
				CLANG_WARN_DIRECT_OBJC_ISA_USAGE = YES_ERROR;
				CLANG_WARN_EMPTY_BODY = YES;
				CLANG_WARN_ENUM_CONVERSION = YES;
				CLANG_WARN_INT_CONVERSION = YES;
				CLANG_WARN_OBJC_ROOT_CLASS = YES_ERROR;
				CLANG_WARN_UNREACHABLE_CODE = YES;
				CLANG_WARN__DUPLICATE_METHOD_MATCH = YES;
				"CODE_SIGN_IDENTITY[sdk=iphoneos*]" = "iPhone Developer";
				COPY_PHASE_STRIP = NO;
				DEBUG_INFORMATION_FORMAT = dwarf;
				ENABLE_STRICT_OBJC_MSGSEND = YES;
				ENABLE_TESTABILITY = YES;
				GCC_C_LANGUAGE_STANDARD = gnu99;
				GCC_DYNAMIC_NO_PIC = NO;
				GCC_NO_COMMON_BLOCKS = YES;
				GCC_OPTIMIZATION_LEVEL = 0;
				GCC_PREPROCESSOR_DEFINITIONS = (
					"DEBUG=1",
					"$(inherited)",
				);
				GCC_WARN_64_TO_32_BIT_CONVERSION = YES;
				GCC_WARN_ABOUT_RETURN_TYPE = YES_ERROR;
				GCC_WARN_UNDECLARED_SELECTOR = YES;
				GCC_WARN_UNINITIALIZED_AUTOS = YES_AGGRESSIVE;
				GCC_WARN_UNUSED_FUNCTION = YES;
				GCC_WARN_UNUSED_VARIABLE = YES;
				IPHONEOS_DEPLOYMENT_TARGET = 9.3;
				MTL_ENABLE_DEBUG_INFO = YES;
				ONLY_ACTIVE_ARCH = YES;
				SDKROOT = iphoneos;
				SWIFT_OPTIMIZATION_LEVEL = "-Onone";
			};
			name = Debug;
		};
		A0B622F01D9A30EC002B6206 /* Release */ = {
			isa = XCBuildConfiguration;
			buildSettings = {
				ALWAYS_SEARCH_USER_PATHS = NO;
				CLANG_ANALYZER_NONNULL = YES;
				CLANG_CXX_LANGUAGE_STANDARD = "gnu++0x";
				CLANG_CXX_LIBRARY = "libc++";
				CLANG_ENABLE_MODULES = YES;
				CLANG_ENABLE_OBJC_ARC = YES;
				CLANG_WARN_BOOL_CONVERSION = YES;
				CLANG_WARN_CONSTANT_CONVERSION = YES;
				CLANG_WARN_DIRECT_OBJC_ISA_USAGE = YES_ERROR;
				CLANG_WARN_EMPTY_BODY = YES;
				CLANG_WARN_ENUM_CONVERSION = YES;
				CLANG_WARN_INT_CONVERSION = YES;
				CLANG_WARN_OBJC_ROOT_CLASS = YES_ERROR;
				CLANG_WARN_UNREACHABLE_CODE = YES;
				CLANG_WARN__DUPLICATE_METHOD_MATCH = YES;
				"CODE_SIGN_IDENTITY[sdk=iphoneos*]" = "iPhone Developer";
				COPY_PHASE_STRIP = NO;
				DEBUG_INFORMATION_FORMAT = "dwarf-with-dsym";
				ENABLE_NS_ASSERTIONS = NO;
				ENABLE_STRICT_OBJC_MSGSEND = YES;
				GCC_C_LANGUAGE_STANDARD = gnu99;
				GCC_NO_COMMON_BLOCKS = YES;
				GCC_WARN_64_TO_32_BIT_CONVERSION = YES;
				GCC_WARN_ABOUT_RETURN_TYPE = YES_ERROR;
				GCC_WARN_UNDECLARED_SELECTOR = YES;
				GCC_WARN_UNINITIALIZED_AUTOS = YES_AGGRESSIVE;
				GCC_WARN_UNUSED_FUNCTION = YES;
				GCC_WARN_UNUSED_VARIABLE = YES;
				IPHONEOS_DEPLOYMENT_TARGET = 9.3;
				MTL_ENABLE_DEBUG_INFO = NO;
				SDKROOT = iphoneos;
				VALIDATE_PRODUCT = YES;
			};
			name = Release;
		};
		A0B622F21D9A30EC002B6206 /* Debug */ = {
			isa = XCBuildConfiguration;
			buildSettings = {
				ASSETCATALOG_COMPILER_APPICON_NAME = AppIcon;
				INFOPLIST_FILE = cashApp/Info.plist;
				IPHONEOS_DEPLOYMENT_TARGET = 9.2;
				LD_RUNPATH_SEARCH_PATHS = "$(inherited) @executable_path/Frameworks";
				PRODUCT_BUNDLE_IDENTIFIER = com.udacity.cashApp;
				PRODUCT_NAME = "$(TARGET_NAME)";
				SWIFT_VERSION = 2.3;
			};
			name = Debug;
		};
		A0B622F31D9A30EC002B6206 /* Release */ = {
			isa = XCBuildConfiguration;
			buildSettings = {
				ASSETCATALOG_COMPILER_APPICON_NAME = AppIcon;
				INFOPLIST_FILE = cashApp/Info.plist;
				IPHONEOS_DEPLOYMENT_TARGET = 9.2;
				LD_RUNPATH_SEARCH_PATHS = "$(inherited) @executable_path/Frameworks";
				PRODUCT_BUNDLE_IDENTIFIER = com.udacity.cashApp;
				PRODUCT_NAME = "$(TARGET_NAME)";
				SWIFT_VERSION = 2.3;
			};
			name = Release;
		};
/* End XCBuildConfiguration section */

/* Begin XCConfigurationList section */
		A0B622DA1D9A30EC002B6206 /* Build configuration list for PBXProject "cashApp" */ = {
			isa = XCConfigurationList;
			buildConfigurations = (
				A0B622EF1D9A30EC002B6206 /* Debug */,
				A0B622F01D9A30EC002B6206 /* Release */,
			);
			defaultConfigurationIsVisible = 0;
			defaultConfigurationName = Release;
		};
		A0B622F11D9A30EC002B6206 /* Build configuration list for PBXNativeTarget "cashApp" */ = {
			isa = XCConfigurationList;
			buildConfigurations = (
				A0B622F21D9A30EC002B6206 /* Debug */,
				A0B622F31D9A30EC002B6206 /* Release */,
			);
			defaultConfigurationIsVisible = 0;
			defaultConfigurationName = Release;
		};
/* End XCConfigurationList section */
	};
	rootObject = A0B622D71D9A30EC002B6206 /* Project object */;
}
